// !$*UTF8*$!
{
	archiveVersion = 1;
	classes = {
	};
	objectVersion = 48;
	objects = {

/* Begin PBXBuildFile section */
		C4CEE8B91F73FAC2000CCE1B /* AppDelegate.swift in Sources */ = {isa = PBXBuildFile; fileRef = C4CEE8B81F73FAC2000CCE1B /* AppDelegate.swift */; };
		C4CEE8BB1F73FAC2000CCE1B /* AlbumsViewController.swift in Sources */ = {isa = PBXBuildFile; fileRef = C4CEE8BA1F73FAC2000CCE1B /* AlbumsViewController.swift */; };
		C4CEE8BE1F73FAC2000CCE1B /* Main.storyboard in Resources */ = {isa = PBXBuildFile; fileRef = C4CEE8BC1F73FAC2000CCE1B /* Main.storyboard */; };
		C4CEE8C31F73FAC2000CCE1B /* LaunchScreen.storyboard in Resources */ = {isa = PBXBuildFile; fileRef = C4CEE8C11F73FAC2000CCE1B /* LaunchScreen.storyboard */; };
		C4CEE8CB1F740423000CCE1B /* PhotosViewController.swift in Sources */ = {isa = PBXBuildFile; fileRef = C4CEE8CA1F740423000CCE1B /* PhotosViewController.swift */; };
		C4CEE8CD1F741A27000CCE1B /* photoCell.swift in Sources */ = {isa = PBXBuildFile; fileRef = C4CEE8CC1F741A27000CCE1B /* photoCell.swift */; };
		C4CEE8CF1F74245E000CCE1B /* Photos.swift in Sources */ = {isa = PBXBuildFile; fileRef = C4CEE8CE1F74245E000CCE1B /* Photos.swift */; };
		C4CEE8D11F7470F0000CCE1B /* FullPictureController.swift in Sources */ = {isa = PBXBuildFile; fileRef = C4CEE8D01F7470F0000CCE1B /* FullPictureController.swift */; };
		C4D0E5C11F79468F0083F3E0 /* documentsDirectory.swift in Sources */ = {isa = PBXBuildFile; fileRef = C4D0E5C01F79468F0083F3E0 /* documentsDirectory.swift */; };
/* End PBXBuildFile section */

/* Begin PBXFileReference section */
		C4CEE8B51F73FAC2000CCE1B /* imageName.app */ = {isa = PBXFileReference; explicitFileType = wrapper.application; includeInIndex = 0; path = imageName.app; sourceTree = BUILT_PRODUCTS_DIR; };
		C4CEE8B81F73FAC2000CCE1B /* AppDelegate.swift */ = {isa = PBXFileReference; lastKnownFileType = sourcecode.swift; path = AppDelegate.swift; sourceTree = "<group>"; };
		C4CEE8BA1F73FAC2000CCE1B /* AlbumsViewController.swift */ = {isa = PBXFileReference; lastKnownFileType = sourcecode.swift; path = AlbumsViewController.swift; sourceTree = "<group>"; };
		C4CEE8BD1F73FAC2000CCE1B /* Base */ = {isa = PBXFileReference; lastKnownFileType = file.storyboard; name = Base; path = Base.lproj/Main.storyboard; sourceTree = "<group>"; };
		C4CEE8C21F73FAC2000CCE1B /* Base */ = {isa = PBXFileReference; lastKnownFileType = file.storyboard; name = Base; path = Base.lproj/LaunchScreen.storyboard; sourceTree = "<group>"; };
		C4CEE8C41F73FAC2000CCE1B /* Info.plist */ = {isa = PBXFileReference; lastKnownFileType = text.plist.xml; path = Info.plist; sourceTree = "<group>"; };
		C4CEE8CA1F740423000CCE1B /* PhotosViewController.swift */ = {isa = PBXFileReference; lastKnownFileType = sourcecode.swift; path = PhotosViewController.swift; sourceTree = "<group>"; };
		C4CEE8CC1F741A27000CCE1B /* photoCell.swift */ = {isa = PBXFileReference; lastKnownFileType = sourcecode.swift; path = photoCell.swift; sourceTree = "<group>"; };
		C4CEE8CE1F74245E000CCE1B /* Photos.swift */ = {isa = PBXFileReference; lastKnownFileType = sourcecode.swift; path = Photos.swift; sourceTree = "<group>"; };
		C4CEE8D01F7470F0000CCE1B /* FullPictureController.swift */ = {isa = PBXFileReference; lastKnownFileType = sourcecode.swift; path = FullPictureController.swift; sourceTree = "<group>"; };
		C4D0E5C01F79468F0083F3E0 /* documentsDirectory.swift */ = {isa = PBXFileReference; lastKnownFileType = sourcecode.swift; path = documentsDirectory.swift; sourceTree = "<group>"; };
		C4D0E5ED1F7A79BF0083F3E0 /* Assets.xcassets */ = {isa = PBXFileReference; lastKnownFileType = folder.assetcatalog; path = Assets.xcassets; sourceTree = "<group>"; };
/* End PBXFileReference section */

/* Begin PBXFrameworksBuildPhase section */
		C4CEE8B21F73FAC2000CCE1B /* Frameworks */ = {
			isa = PBXFrameworksBuildPhase;
			buildActionMask = 2147483647;
			files = (
			);
			runOnlyForDeploymentPostprocessing = 0;
		};
/* End PBXFrameworksBuildPhase section */

/* Begin PBXGroup section */
		C4CEE8AC1F73FAC2000CCE1B = {
			isa = PBXGroup;
			children = (
				C4CEE8B71F73FAC2000CCE1B /* imageName */,
				C4CEE8B61F73FAC2000CCE1B /* Products */,
			);
			sourceTree = "<group>";
		};
		C4CEE8B61F73FAC2000CCE1B /* Products */ = {
			isa = PBXGroup;
			children = (
				C4CEE8B51F73FAC2000CCE1B /* imageName.app */,
			);
			name = Products;
			sourceTree = "<group>";
		};
		C4CEE8B71F73FAC2000CCE1B /* imageName */ = {
			isa = PBXGroup;
			children = (
				C4CEE8B81F73FAC2000CCE1B /* AppDelegate.swift */,
				C4CEE8BA1F73FAC2000CCE1B /* AlbumsViewController.swift */,
				C4CEE8CA1F740423000CCE1B /* PhotosViewController.swift */,
				C4CEE8D01F7470F0000CCE1B /* FullPictureController.swift */,
				C4D0E5C01F79468F0083F3E0 /* documentsDirectory.swift */,
				C4CEE8CE1F74245E000CCE1B /* Photos.swift */,
				C4CEE8CC1F741A27000CCE1B /* photoCell.swift */,
				C4CEE8BC1F73FAC2000CCE1B /* Main.storyboard */,
				C4D0E5ED1F7A79BF0083F3E0 /* Assets.xcassets */,
				C4CEE8C11F73FAC2000CCE1B /* LaunchScreen.storyboard */,
				C4CEE8C41F73FAC2000CCE1B /* Info.plist */,
			);
			path = imageName;
			sourceTree = "<group>";
		};
/* End PBXGroup section */

/* Begin PBXNativeTarget section */
		C4CEE8B41F73FAC2000CCE1B /* imageName */ = {
			isa = PBXNativeTarget;
			buildConfigurationList = C4CEE8C71F73FAC2000CCE1B /* Build configuration list for PBXNativeTarget "imageName" */;
			buildPhases = (
				C4CEE8B11F73FAC2000CCE1B /* Sources */,
				C4CEE8B21F73FAC2000CCE1B /* Frameworks */,
				C4CEE8B31F73FAC2000CCE1B /* Resources */,
			);
			buildRules = (
			);
			dependencies = (
			);
			name = imageName;
			productName = imageName;
			productReference = C4CEE8B51F73FAC2000CCE1B /* imageName.app */;
			productType = "com.apple.product-type.application";
		};
/* End PBXNativeTarget section */

/* Begin PBXProject section */
		C4CEE8AD1F73FAC2000CCE1B /* Project object */ = {
			isa = PBXProject;
			attributes = {
				LastSwiftUpdateCheck = 0900;
				LastUpgradeCheck = 0900;
				ORGANIZATIONNAME = Darren;
				TargetAttributes = {
					C4CEE8B41F73FAC2000CCE1B = {
						CreatedOnToolsVersion = 9.0;
						ProvisioningStyle = Automatic;
					};
				};
			};
			buildConfigurationList = C4CEE8B01F73FAC2000CCE1B /* Build configuration list for PBXProject "imageName" */;
			compatibilityVersion = "Xcode 8.0";
			developmentRegion = en;
			hasScannedForEncodings = 0;
			knownRegions = (
				en,
				Base,
			);
			mainGroup = C4CEE8AC1F73FAC2000CCE1B;
			productRefGroup = C4CEE8B61F73FAC2000CCE1B /* Products */;
			projectDirPath = "";
			projectRoot = "";
			targets = (
				C4CEE8B41F73FAC2000CCE1B /* imageName */,
			);
		};
/* End PBXProject section */

/* Begin PBXResourcesBuildPhase section */
		C4CEE8B31F73FAC2000CCE1B /* Resources */ = {
			isa = PBXResourcesBuildPhase;
			buildActionMask = 2147483647;
			files = (
				C4CEE8C31F73FAC2000CCE1B /* LaunchScreen.storyboard in Resources */,
				C4CEE8BE1F73FAC2000CCE1B /* Main.storyboard in Resources */,
			);
			runOnlyForDeploymentPostprocessing = 0;
		};
/* End PBXResourcesBuildPhase section */

/* Begin PBXSourcesBuildPhase section */
		C4CEE8B11F73FAC2000CCE1B /* Sources */ = {
			isa = PBXSourcesBuildPhase;
			buildActionMask = 2147483647;
			files = (
				C4CEE8CF1F74245E000CCE1B /* Photos.swift in Sources */,
				C4CEE8CD1F741A27000CCE1B /* photoCell.swift in Sources */,
				C4D0E5C11F79468F0083F3E0 /* documentsDirectory.swift in Sources */,
				C4CEE8CB1F740423000CCE1B /* PhotosViewController.swift in Sources */,
				C4CEE8D11F7470F0000CCE1B /* FullPictureController.swift in Sources */,
				C4CEE8BB1F73FAC2000CCE1B /* AlbumsViewController.swift in Sources */,
				C4CEE8B91F73FAC2000CCE1B /* AppDelegate.swift in Sources */,
			);
			runOnlyForDeploymentPostprocessing = 0;
		};
/* End PBXSourcesBuildPhase section */

/* Begin PBXVariantGroup section */
		C4CEE8BC1F73FAC2000CCE1B /* Main.storyboard */ = {
			isa = PBXVariantGroup;
			children = (
				C4CEE8BD1F73FAC2000CCE1B /* Base */,
			);
			name = Main.storyboard;
			sourceTree = "<group>";
		};
		C4CEE8C11F73FAC2000CCE1B /* LaunchScreen.storyboard */ = {
			isa = PBXVariantGroup;
			children = (
				C4CEE8C21F73FAC2000CCE1B /* Base */,
			);
			name = LaunchScreen.storyboard;
			sourceTree = "<group>";
		};
/* End PBXVariantGroup section */

/* Begin XCBuildConfiguration section */
		C4CEE8C51F73FAC2000CCE1B /* Debug */ = {
			isa = XCBuildConfiguration;
			buildSettings = {
				ALWAYS_SEARCH_USER_PATHS = NO;
				CLANG_ANALYZER_NONNULL = YES;
				CLANG_ANALYZER_NUMBER_OBJECT_CONVERSION = YES_AGGRESSIVE;
				CLANG_CXX_LANGUAGE_STANDARD = "gnu++14";
				CLANG_CXX_LIBRARY = "libc++";
				CLANG_ENABLE_MODULES = YES;
				CLANG_ENABLE_OBJC_ARC = YES;
				CLANG_WARN_BLOCK_CAPTURE_AUTORELEASING = YES;
				CLANG_WARN_BOOL_CONVERSION = YES;
				CLANG_WARN_COMMA = YES;
				CLANG_WARN_CONSTANT_CONVERSION = YES;
				CLANG_WARN_DIRECT_OBJC_ISA_USAGE = YES_ERROR;
				CLANG_WARN_DOCUMENTATION_COMMENTS = YES;
				CLANG_WARN_EMPTY_BODY = YES;
				CLANG_WARN_ENUM_CONVERSION = YES;
				CLANG_WARN_INFINITE_RECURSION = YES;
				CLANG_WARN_INT_CONVERSION = YES;
				CLANG_WARN_NON_LITERAL_NULL_CONVERSION = YES;
				CLANG_WARN_OBJC_LITERAL_CONVERSION = YES;
				CLANG_WARN_OBJC_ROOT_CLASS = YES_ERROR;
				CLANG_WARN_RANGE_LOOP_ANALYSIS = YES;
				CLANG_WARN_STRICT_PROTOTYPES = YES;
				CLANG_WARN_SUSPICIOUS_MOVE = YES;
				CLANG_WARN_UNGUARDED_AVAILABILITY = YES_AGGRESSIVE;
				CLANG_WARN_UNREACHABLE_CODE = YES;
				CLANG_WARN__DUPLICATE_METHOD_MATCH = YES;
				CODE_SIGN_IDENTITY = "iPhone Developer";
				COPY_PHASE_STRIP = NO;
				DEBUG_INFORMATION_FORMAT = dwarf;
				ENABLE_STRICT_OBJC_MSGSEND = YES;
				ENABLE_TESTABILITY = YES;
				GCC_C_LANGUAGE_STANDARD = gnu11;
				GCC_DYNAMIC_NO_PIC = NO;
				GCC_NO_COMMON_BLOCKS = YES;
				GCC_OPTIMIZATION_LEVEL = 0;
				GCC_PREPROCESSOR_DEFINITIONS = (
					"DEBUG=1",
					"$(inherited)",
				);
				GCC_WARN_64_TO_32_BIT_CONVERSION = YES;
				GCC_WARN_ABOUT_RETURN_TYPE = YES_ERROR;
				GCC_WARN_UNDECLARED_SELECTOR = YES;
				GCC_WARN_UNINITIALIZED_AUTOS = YES_AGGRESSIVE;
				GCC_WARN_UNUSED_FUNCTION = YES;
				GCC_WARN_UNUSED_VARIABLE = YES;
				IPHONEOS_DEPLOYMENT_TARGET = 11.0;
				MTL_ENABLE_DEBUG_INFO = YES;
				ONLY_ACTIVE_ARCH = YES;
				SDKROOT = iphoneos;
				SWIFT_ACTIVE_COMPILATION_CONDITIONS = DEBUG;
				SWIFT_OPTIMIZATION_LEVEL = "-Onone";
			};
			name = Debug;
		};
		C4CEE8C61F73FAC2000CCE1B /* Release */ = {
			isa = XCBuildConfiguration;
			buildSettings = {
				ALWAYS_SEARCH_USER_PATHS = NO;
				CLANG_ANALYZER_NONNULL = YES;
				CLANG_ANALYZER_NUMBER_OBJECT_CONVERSION = YES_AGGRESSIVE;
				CLANG_CXX_LANGUAGE_STANDARD = "gnu++14";
				CLANG_CXX_LIBRARY = "libc++";
				CLANG_ENABLE_MODULES = YES;
				CLANG_ENABLE_OBJC_ARC = YES;
				CLANG_WARN_BLOCK_CAPTURE_AUTORELEASING = YES;
				CLANG_WARN_BOOL_CONVERSION = YES;
				CLANG_WARN_COMMA = YES;
				CLANG_WARN_CONSTANT_CONVERSION = YES;
				CLANG_WARN_DIRECT_OBJC_ISA_USAGE = YES_ERROR;
				CLANG_WARN_DOCUMENTATION_COMMENTS = YES;
				CLANG_WARN_EMPTY_BODY = YES;
				CLANG_WARN_ENUM_CONVERSION = YES;
				CLANG_WARN_INFINITE_RECURSION = YES;
				CLANG_WARN_INT_CONVERSION = YES;
				CLANG_WARN_NON_LITERAL_NULL_CONVERSION = YES;
				CLANG_WARN_OBJC_LITERAL_CONVERSION = YES;
				CLANG_WARN_OBJC_ROOT_CLASS = YES_ERROR;
				CLANG_WARN_RANGE_LOOP_ANALYSIS = YES;
				CLANG_WARN_STRICT_PROTOTYPES = YES;
				CLANG_WARN_SUSPICIOUS_MOVE = YES;
				CLANG_WARN_UNGUARDED_AVAILABILITY = YES_AGGRESSIVE;
				CLANG_WARN_UNREACHABLE_CODE = YES;
				CLANG_WARN__DUPLICATE_METHOD_MATCH = YES;
				CODE_SIGN_IDENTITY = "iPhone Developer";
				COPY_PHASE_STRIP = NO;
				DEBUG_INFORMATION_FORMAT = "dwarf-with-dsym";
				ENABLE_NS_ASSERTIONS = NO;
				ENABLE_STRICT_OBJC_MSGSEND = YES;
				GCC_C_LANGUAGE_STANDARD = gnu11;
				GCC_NO_COMMON_BLOCKS = YES;
				GCC_WARN_64_TO_32_BIT_CONVERSION = YES;
				GCC_WARN_ABOUT_RETURN_TYPE = YES_ERROR;
				GCC_WARN_UNDECLARED_SELECTOR = YES;
				GCC_WARN_UNINITIALIZED_AUTOS = YES_AGGRESSIVE;
				GCC_WARN_UNUSED_FUNCTION = YES;
				GCC_WARN_UNUSED_VARIABLE = YES;
				IPHONEOS_DEPLOYMENT_TARGET = 11.0;
				MTL_ENABLE_DEBUG_INFO = NO;
				SDKROOT = iphoneos;
				SWIFT_OPTIMIZATION_LEVEL = "-Owholemodule";
				VALIDATE_PRODUCT = YES;
			};
			name = Release;
		};
		C4CEE8C81F73FAC2000CCE1B /* Debug */ = {
			isa = XCBuildConfiguration;
			buildSettings = {
				ASSETCATALOG_COMPILER_APPICON_NAME = AppIcon;
				CODE_SIGN_STYLE = Automatic;
				DEVELOPMENT_TEAM = LS23PB89N4;
				INFOPLIST_FILE = imageName/Info.plist;
				IPHONEOS_DEPLOYMENT_TARGET = 10.1;
				LD_RUNPATH_SEARCH_PATHS = "$(inherited) @executable_path/Frameworks";
				PRODUCT_BUNDLE_IDENTIFIER = com.darren.imageName;
				PRODUCT_NAME = "$(TARGET_NAME)";
				SWIFT_VERSION = 4.0;
				TARGETED_DEVICE_FAMILY = "1,2";
			};
			name = Debug;
		};
		C4CEE8C91F73FAC2000CCE1B /* Release */ = {
			isa = XCBuildConfiguration;
			buildSettings = {
				ASSETCATALOG_COMPILER_APPICON_NAME = AppIcon;
				CODE_SIGN_STYLE = Automatic;
				DEVELOPMENT_TEAM = LS23PB89N4;
				INFOPLIST_FILE = imageName/Info.plist;
				IPHONEOS_DEPLOYMENT_TARGET = 10.1;
				LD_RUNPATH_SEARCH_PATHS = "$(inherited) @executable_path/Frameworks";
				PRODUCT_BUNDLE_IDENTIFIER = com.darren.imageName;
				PRODUCT_NAME = "$(TARGET_NAME)";
				SWIFT_VERSION = 4.0;
				TARGETED_DEVICE_FAMILY = "1,2";
			};
			name = Release;
		};
/* End XCBuildConfiguration section */

/* Begin XCConfigurationList section */
		C4CEE8B01F73FAC2000CCE1B /* Build configuration list for PBXProject "imageName" */ = {
			isa = XCConfigurationList;
			buildConfigurations = (
				C4CEE8C51F73FAC2000CCE1B /* Debug */,
				C4CEE8C61F73FAC2000CCE1B /* Release */,
			);
			defaultConfigurationIsVisible = 0;
			defaultConfigurationName = Release;
		};
		C4CEE8C71F73FAC2000CCE1B /* Build configuration list for PBXNativeTarget "imageName" */ = {
			isa = XCConfigurationList;
			buildConfigurations = (
				C4CEE8C81F73FAC2000CCE1B /* Debug */,
				C4CEE8C91F73FAC2000CCE1B /* Release */,
			);
			defaultConfigurationIsVisible = 0;
			defaultConfigurationName = Release;
		};
/* End XCConfigurationList section */
	};
	rootObject = C4CEE8AD1F73FAC2000CCE1B /* Project object */;
}
